
Microsoft Visual Studio Solution File, Format Version 12.00
# Visual Studio 15
VisualStudioVersion = 15.0.26124.0
MinimumVisualStudioVersion = 15.0.26124.0
Project("{FAE04EC0-301F-11D3-BF4B-00C04F79EFBC}") = "API", "API\API.csproj", "{DB604FFA-7FBA-489E-B9A6-CBCD2793314E}"
EndProject
Project("{FAE04EC0-301F-11D3-BF4B-00C04F79EFBC}") = "Core", "Core\Core.csproj", "{CEBA10DF-6836-4FB2-8A0E-0E0B01902BF1}"
EndProject
Project("{FAE04EC0-301F-11D3-BF4B-00C04F79EFBC}") = "Infrastructure", "Infrastructure\Infrastructure.csproj", "{743D1D98-627E-4B57-947C-6B5E29646110}"
EndProject
Global
	GlobalSection(SolutionConfigurationPlatforms) = preSolution
		Debug|Any CPU = Debug|Any CPU
		Debug|x64 = Debug|x64
		Debug|x86 = Debug|x86
		Release|Any CPU = Release|Any CPU
		Release|x64 = Release|x64
		Release|x86 = Release|x86
	EndGlobalSection
	GlobalSection(SolutionProperties) = preSolution
		HideSolutionNode = FALSE
	EndGlobalSection
	GlobalSection(ProjectConfigurationPlatforms) = postSolution
		{DB604FFA-7FBA-489E-B9A6-CBCD2793314E}.Debug|Any CPU.ActiveCfg = Debug|Any CPU
		{DB604FFA-7FBA-489E-B9A6-CBCD2793314E}.Debug|Any CPU.Build.0 = Debug|Any CPU
		{DB604FFA-7FBA-489E-B9A6-CBCD2793314E}.Debug|x64.ActiveCfg = Debug|Any CPU
		{DB604FFA-7FBA-489E-B9A6-CBCD2793314E}.Debug|x64.Build.0 = Debug|Any CPU
		{DB604FFA-7FBA-489E-B9A6-CBCD2793314E}.Debug|x86.ActiveCfg = Debug|Any CPU
		{DB604FFA-7FBA-489E-B9A6-CBCD2793314E}.Debug|x86.Build.0 = Debug|Any CPU
		{DB604FFA-7FBA-489E-B9A6-CBCD2793314E}.Release|Any CPU.ActiveCfg = Release|Any CPU
		{DB604FFA-7FBA-489E-B9A6-CBCD2793314E}.Release|Any CPU.Build.0 = Release|Any CPU
		{DB604FFA-7FBA-489E-B9A6-CBCD2793314E}.Release|x64.ActiveCfg = Release|Any CPU
		{DB604FFA-7FBA-489E-B9A6-CBCD2793314E}.Release|x64.Build.0 = Release|Any CPU
		{DB604FFA-7FBA-489E-B9A6-CBCD2793314E}.Release|x86.ActiveCfg = Release|Any CPU
		{DB604FFA-7FBA-489E-B9A6-CBCD2793314E}.Release|x86.Build.0 = Release|Any CPU
		{CEBA10DF-6836-4FB2-8A0E-0E0B01902BF1}.Debug|Any CPU.ActiveCfg = Debug|Any CPU
		{CEBA10DF-6836-4FB2-8A0E-0E0B01902BF1}.Debug|Any CPU.Build.0 = Debug|Any CPU
		{CEBA10DF-6836-4FB2-8A0E-0E0B01902BF1}.Debug|x64.ActiveCfg = Debug|Any CPU
		{CEBA10DF-6836-4FB2-8A0E-0E0B01902BF1}.Debug|x64.Build.0 = Debug|Any CPU
		{CEBA10DF-6836-4FB2-8A0E-0E0B01902BF1}.Debug|x86.ActiveCfg = Debug|Any CPU
		{CEBA10DF-6836-4FB2-8A0E-0E0B01902BF1}.Debug|x86.Build.0 = Debug|Any CPU
		{CEBA10DF-6836-4FB2-8A0E-0E0B01902BF1}.Release|Any CPU.ActiveCfg = Release|Any CPU
		{CEBA10DF-6836-4FB2-8A0E-0E0B01902BF1}.Release|Any CPU.Build.0 = Release|Any CPU
		{CEBA10DF-6836-4FB2-8A0E-0E0B01902BF1}.Release|x64.ActiveCfg = Release|Any CPU
		{CEBA10DF-6836-4FB2-8A0E-0E0B01902BF1}.Release|x64.Build.0 = Release|Any CPU
		{CEBA10DF-6836-4FB2-8A0E-0E0B01902BF1}.Release|x86.ActiveCfg = Release|Any CPU
		{CEBA10DF-6836-4FB2-8A0E-0E0B01902BF1}.Release|x86.Build.0 = Release|Any CPU
		{743D1D98-627E-4B57-947C-6B5E29646110}.Debug|Any CPU.ActiveCfg = Debug|Any CPU
		{743D1D98-627E-4B57-947C-6B5E29646110}.Debug|Any CPU.Build.0 = Debug|Any CPU
		{743D1D98-627E-4B57-947C-6B5E29646110}.Debug|x64.ActiveCfg = Debug|Any CPU
		{743D1D98-627E-4B57-947C-6B5E29646110}.Debug|x64.Build.0 = Debug|Any CPU
		{743D1D98-627E-4B57-947C-6B5E29646110}.Debug|x86.ActiveCfg = Debug|Any CPU
		{743D1D98-627E-4B57-947C-6B5E29646110}.Debug|x86.Build.0 = Debug|Any CPU
		{743D1D98-627E-4B57-947C-6B5E29646110}.Release|Any CPU.ActiveCfg = Release|Any CPU
		{743D1D98-627E-4B57-947C-6B5E29646110}.Release|Any CPU.Build.0 = Release|Any CPU
		{743D1D98-627E-4B57-947C-6B5E29646110}.Release|x64.ActiveCfg = Release|Any CPU
		{743D1D98-627E-4B57-947C-6B5E29646110}.Release|x64.Build.0 = Release|Any CPU
		{743D1D98-627E-4B57-947C-6B5E29646110}.Release|x86.ActiveCfg = Release|Any CPU
		{743D1D98-627E-4B57-947C-6B5E29646110}.Release|x86.Build.0 = Release|Any CPU
	EndGlobalSection
EndGlobal
